{
  "name": "rug-swe25",
  "lockfileVersion": 3,
  "requires": true,
  "packages": {
    "": {
      "dependencies": {
        "packages.json": "^0.0.1-security"
      }
    },
    "node_modules/packages.json": {
      "version": "0.0.1-security",
      "resolved": "https://registry.npmjs.org/packages.json/-/packages.json-0.0.1-security.tgz",
      "integrity": "sha512-4KYp8vfKOJK5/NrTFqCbkucXQwJK4p7PsmPELYsGYOMC9OclOt8Xxs4ukpPOEePaSchBd+y1FiNDYZsaRa5/TA=="
    }
  }
}
